// !$*UTF8*$!
{
	archiveVersion = 1;
	classes = {
	};
	objectVersion = 77;
	objects = {

/* Begin PBXBuildFile section */
		C045F0032F1EC5130075C872 /* (null) in Frameworks */ = {isa = PBXBuildFile; };
		C0VERSION2024110000002 /* VERSION in Resources */ = {isa = PBXBuildFile; fileRef = C0VERSION2024110000001 /* VERSION */; };
/* End PBXBuildFile section */

/* Begin PBXContainerItemProxy section */
		C0TEST00092026 /* PBXContainerItemProxy */ = {
			isa = PBXContainerItemProxy;
			containerPortal = C00CFD242E6611E100FE5CE5 /* Project object */;
			proxyType = 1;
			remoteGlobalIDString = C0D691952E84DD91005A90A6;
			remoteInfo = Stori;
		};
/* End PBXContainerItemProxy section */

/* Begin PBXFileReference section */
		C0D691962E84DD91005A90A6 /* Stori.app */ = {isa = PBXFileReference; explicitFileType = wrapper.application; includeInIndex = 0; path = Stori.app; sourceTree = BUILT_PRODUCTS_DIR; };
		C0TEST00012026 /* StoriTests.xctest */ = {isa = PBXFileReference; explicitFileType = wrapper.cfbundle; includeInIndex = 0; path = StoriTests.xctest; sourceTree = BUILT_PRODUCTS_DIR; };
		C0VERSION2024110000001 /* VERSION */ = {isa = PBXFileReference; lastKnownFileType = text; path = VERSION; sourceTree = "<group>"; };
/* End PBXFileReference section */

/* Begin PBXFileSystemSynchronizedBuildFileExceptionSet section */
		C0D691A62E84E0FB005A90A6 /* Exceptions for "Stori" folder in "Stori" target */ = {
			isa = PBXFileSystemSynchronizedBuildFileExceptionSet;
			membershipExceptions = (
				Assets.xcassets,
				Config.plist,
				ContentView.swift,
				Core/Audio/AudioAnalyzer.swift,
				Core/Audio/AudioEngine.swift,
				Core/Audio/AudioEngineContext.swift,
				Core/Audio/AudioGraphManager.swift,
				Core/Audio/AudioSchedulingContext.swift,
				Core/Audio/AutomationProcessor.swift,
				Core/Audio/BusAudioNode.swift,
				Core/Audio/BusManager.swift,
				Core/Audio/DeviceConfigurationManager.swift,
				Core/Audio/DrumKitEngine.swift,
				Core/Audio/EffectTypeMapping.swift,
				Core/Audio/InstrumentPluginHost.swift,
				Core/Audio/MeteringService.swift,
				Core/Audio/MetronomeEngine.swift,
				Core/Audio/MIDIBounceEngine.swift,
				Core/Audio/MIDIEngine.swift,
				Core/Audio/MIDIPlaybackEngine.swift,
				Core/Audio/MixerController.swift,
				Core/Audio/PlaybackSchedulingCoordinator.swift,
				Core/Audio/PluginChain.swift,
				Core/Audio/PluginInstance.swift,
				Core/Audio/PluginLatencyManager.swift,
				Core/Audio/ProjectLifecycleManager.swift,
				Core/Audio/RecordingBufferPool.swift,
				Core/Audio/RecordingController.swift,
				Core/Audio/SampleAccurateMIDIScheduler.swift,
				Core/Audio/SamplerEngine.swift,
				Core/Audio/SandboxedPluginHost.swift,
				Core/Audio/SequencerEngine.swift,
				Core/Audio/StepInputEngine.swift,
				Core/Audio/SynthEngine.swift,
				Core/Audio/TrackAudioNode.swift,
				Core/Audio/TrackPluginManager.swift,
				Core/Audio/TransportController.swift,
				Core/Config/AppConfig.swift,
				Core/Models/AssetModels.swift,
				Core/Models/AudioAnalysisModels.swift,
				Core/Models/AudioModels.swift,
				Core/Models/AutomationModels.swift,
				Core/Models/BudgetModels.swift,
				Core/Models/DrumKitModels.swift,
				Core/Models/IntentEngine.swift,
				Core/Models/MIDIHelper.swift,
				Core/Models/MIDIModels.swift,
				Core/Models/PluginModels.swift,
				Core/Models/PromptTemplateModels.swift,
				Core/Models/StepSequencerModels.swift,
				Core/Models/TrackInstrument.swift,
				Core/Services/AICommandDispatcher.swift,
				Core/Services/AppLogger.swift,
				Core/Services/AssetDownloadService.swift,
				Core/Services/AudioAnalysisService.swift,
				Core/Services/AudioExportService.swift,
				Core/Services/AudioFileHeaderValidator.swift,
				Core/Services/AudioFileReferenceManager.swift,
				Core/Services/AuthService.swift,
				Core/Services/AutomationRecorder.swift,
				Core/Services/AutomationServer.swift,
				Core/Services/BlockchainClient.swift,
				Core/Services/ConversationService.swift,
				Core/Services/DrumKitLoader.swift,
				Core/Services/InstrumentManager.swift,
				Core/Services/LLMComposerClient.swift,
				Core/Services/MIDIDeviceManager.swift,
				Core/Services/MIDIImporter.swift,
				Core/Services/PluginGreylist.swift,
				Core/Services/PluginPresetManager.swift,
				Core/Services/PluginScanner.swift,
				Core/Services/PluginWatchdog.swift,
				Core/Services/ProjectExportService.swift,
				Core/Services/ProjectManager.swift,
				Core/Services/PromptSanitizer.swift,
				Core/Services/SelectionManager.swift,
				Core/Services/ServiceValidation.swift,
				Core/Services/SetupManager.swift,
				Core/Services/StoriAPIClient.swift,
				Core/Services/TempFileManager.swift,
				Core/Services/TimelineActions.swift,
				Core/Services/TokenManager.swift,
				Core/Services/TrackFreezeService.swift,
				Core/Services/UndoService.swift,
				Core/Services/UpdateManager.swift,
				Core/Services/UserManager.swift,
				Core/Utilities/ScrollSyncModel.swift,
				Core/Utilities/SynchronizedScrollView.swift,
				Features/AIComposer/ComposerTemplateBuilder.swift,
				Features/AIComposer/ComposerView.swift,
				Features/AIComposer/ConversationModels.swift,
				Features/Automation/AutomationLaneView.swift,
				Features/Instruments/SynthesizerView.swift,
				Features/MIDI/MIDISheetViews.swift,
				Features/MIDI/MIDITransformView.swift,
				Features/Mixer/BusSendComponents.swift,
				Features/Mixer/ChannelStrips/ProfessionalChannelStrip.swift,
				Features/Mixer/ChannelStrips/ProfessionalMasterChannelStrip.swift,
				Features/Mixer/Components/ChannelFader.swift,
				Features/Mixer/Components/ChannelMeter.swift,
				Features/Mixer/Components/ChannelPanKnob.swift,
				Features/Mixer/Components/InstrumentPickerView.swift,
				Features/Mixer/Components/IORoutingSection.swift,
				Features/Mixer/Components/MeterDataProvider.swift,
				Features/Mixer/Components/MiniEQDisplay.swift,
				Features/Mixer/Components/MixerToolbarComponents.swift,
				Features/Mixer/Components/SidechainPickerView.swift,
				Features/Mixer/Components/TrackInsertSlot.swift,
				Features/Mixer/MixerView.swift,
				Features/PianoRoll/PianoRollView.swift,
				Features/Plugins/PluginBrowserView.swift,
				Features/Plugins/PluginEditorView.swift,
				Features/Score/NotationEngraver.swift,
				Features/Score/NotationQuantizer.swift,
				Features/Score/ScoreEntryController.swift,
				Features/Score/ScoreExporter.swift,
				Features/Score/ScoreModels.swift,
				Features/Score/ScoreView.swift,
				Features/Score/StaffRenderer.swift,
				Features/Setup/SetupWizardView.swift,
				Features/Setup/UpdateAvailableView.swift,
				Features/StepSequencer/SequencerPresets.swift,
				Features/StepSequencer/StepSequencerView.swift,
				Features/Timeline/AudioRegionPositioning.swift,
				Features/Timeline/AutomationCurveOverlay.swift,
				Features/Timeline/Components/CycleOverlay.swift,
				Features/Timeline/Components/ProfessionalTimelineRuler.swift,
				Features/Timeline/Components/RegionDragBehavior.swift,
				Features/Timeline/Components/StepSequencerRegionVisualization.swift,
				Features/Timeline/IntegratedAudioRegion.swift,
				Features/Timeline/IntegratedGridBackground.swift,
				Features/Timeline/IntegratedTimelineView.swift,
				Features/Timeline/IntegratedTrackHeader.swift,
				Features/Timeline/IntegratedTrackRow.swift,
				Features/Timeline/MIDIRegionPositioning.swift,
				Features/Timeline/MIDIRegionView.swift,
				Features/Timeline/TimelineHelpers.swift,
				Features/Track/CreateTrackDialog.swift,
				Features/Track/RenameTrackDialog.swift,
				Features/Transport/DAWControlBar.swift,
				Features/Transport/DAWControlButton.swift,
				Features/Transport/TransportButton.swift,
				Features/VirtualKeyboard/VirtualKeyboardView.swift,
				StoriApp.swift,
				UI/Components/AutomationModeButton.swift,
				UI/Components/EditableNumeric.swift,
				UI/Components/EditableSlider.swift,
				UI/Components/EditableText.swift,
				UI/Components/EditableTrackColor.swift,
				UI/Components/EditableTrackName.swift,
				UI/Components/ExportProgressView.swift,
				UI/Components/ProfessionalWaveformView.swift,
				UI/Components/TrackIconPicker.swift,
				UI/Views/AboutView.swift,
				UI/Views/ComingSoonViews.swift,
				UI/Views/DAWSheetContent.swift,
				UI/Views/DAWSheetModifiers.swift,
				UI/Views/EmptyTimelineView.swift,
				UI/Views/ExportSettingsSheet.swift,
				UI/Views/MainDAWView.swift,
				UI/Views/MIDINotificationModifier.swift,
				UI/Views/NewProjectView.swift,
				UI/Views/NotificationHandlersModifier.swift,
				UI/Views/PanelNotificationsModifier.swift,
				UI/Views/ProjectBrowserView.swift,
				UI/Views/ProjectNotificationsModifier.swift,
				UI/Views/ProjectRowView.swift,
				UI/Views/ProjectThumbnailCard.swift,
				UI/Views/RecentFeatureRow.swift,
				UI/Views/RecentProjectsListView.swift,
				UI/Views/ResizeHandle.swift,
				UI/Views/SelectionPanelView.swift,
				UI/Views/TabNotificationsModifier.swift,
				UI/Views/TokenInputView.swift,
				UI/Views/TrackNotificationsModifier.swift,
			);
			target = C0D691952E84DD91005A90A6 /* Stori */;
		};
/* End PBXFileSystemSynchronizedBuildFileExceptionSet section */

/* Begin PBXFileSystemSynchronizedRootGroup section */
		C00CFD2E2E6611E100FE5CE5 /* Stori */ = {
			isa = PBXFileSystemSynchronizedRootGroup;
			exceptions = (
				C0D691A62E84E0FB005A90A6 /* Exceptions for "Stori" folder in "Stori" target */,
			);
			path = Stori;
			sourceTree = "<group>";
		};
		C0TEST00022026 /* StoriTests */ = {
			isa = PBXFileSystemSynchronizedRootGroup;
			path = StoriTests;
			sourceTree = "<group>";
		};
/* End PBXFileSystemSynchronizedRootGroup section */

/* Begin PBXFrameworksBuildPhase section */
		C0D691932E84DD91005A90A6 /* Frameworks */ = {
			isa = PBXFrameworksBuildPhase;
			buildActionMask = 2147483647;
			files = (
				C045F0032F1EC5130075C872 /* (null) in Frameworks */,
			);
			runOnlyForDeploymentPostprocessing = 0;
		};
		C0TEST00062026 /* Frameworks */ = {
			isa = PBXFrameworksBuildPhase;
			buildActionMask = 2147483647;
			files = (
			);
			runOnlyForDeploymentPostprocessing = 0;
		};
/* End PBXFrameworksBuildPhase section */

/* Begin PBXGroup section */
		C00CFD232E6611E100FE5CE5 = {
			isa = PBXGroup;
			children = (
				C0VERSION2024110000001 /* VERSION */,
				C00CFD2E2E6611E100FE5CE5 /* Stori */,
				C0TEST00022026 /* StoriTests */,
				C00CFD2D2E6611E100FE5CE5 /* Products */,
			);
			sourceTree = "<group>";
		};
		C00CFD2D2E6611E100FE5CE5 /* Products */ = {
			isa = PBXGroup;
			children = (
				C0D691962E84DD91005A90A6 /* Stori.app */,
				C0TEST00012026 /* StoriTests.xctest */,
			);
			name = Products;
			sourceTree = "<group>";
		};
/* End PBXGroup section */

/* Begin PBXNativeTarget section */
		C0D691952E84DD91005A90A6 /* Stori */ = {
			isa = PBXNativeTarget;
			buildConfigurationList = C0D6919E2E84DD92005A90A6 /* Build configuration list for PBXNativeTarget "Stori" */;
			buildPhases = (
				C0D691922E84DD91005A90A6 /* Sources */,
				C0D691932E84DD91005A90A6 /* Frameworks */,
				C0D691942E84DD91005A90A6 /* Resources */,
			);
			buildRules = (
			);
			dependencies = (
			);
			name = Stori;
			packageProductDependencies = (
			);
			productName = "Stori-macOS";
			productReference = C0D691962E84DD91005A90A6 /* Stori.app */;
			productType = "com.apple.product-type.application";
		};
		C0TEST00032026 /* StoriTests */ = {
			isa = PBXNativeTarget;
			buildConfigurationList = C0TEST00042026 /* Build configuration list for PBXNativeTarget "StoriTests" */;
			buildPhases = (
				C0TEST00052026 /* Sources */,
				C0TEST00062026 /* Frameworks */,
				C0TEST00072026 /* Resources */,
			);
			buildRules = (
			);
			dependencies = (
				C0TEST00082026 /* PBXTargetDependency */,
			);
			fileSystemSynchronizedGroups = (
				C0TEST00022026 /* StoriTests */,
			);
			name = StoriTests;
			productName = StoriTests;
			productReference = C0TEST00012026 /* StoriTests.xctest */;
			productType = "com.apple.product-type.bundle.unit-test";
		};
/* End PBXNativeTarget section */

/* Begin PBXProject section */
		C00CFD242E6611E100FE5CE5 /* Project object */ = {
			isa = PBXProject;
			attributes = {
				BuildIndependentTargetsInParallel = 1;
				LastSwiftUpdateCheck = 2600;
				LastUpgradeCheck = 1640;
				TargetAttributes = {
					C0D691952E84DD91005A90A6 = {
						CreatedOnToolsVersion = 26.0.1;
					};
				};
			};
			buildConfigurationList = C00CFD272E6611E100FE5CE5 /* Build configuration list for PBXProject "Stori" */;
			developmentRegion = en;
			hasScannedForEncodings = 0;
			knownRegions = (
				en,
				Base,
			);
			mainGroup = C00CFD232E6611E100FE5CE5;
			minimizedProjectReferenceProxies = 1;
			packageReferences = (
			);
			preferredProjectObjectVersion = 77;
			productRefGroup = C00CFD2D2E6611E100FE5CE5 /* Products */;
			projectDirPath = "";
			projectRoot = "";
			targets = (
				C0D691952E84DD91005A90A6 /* Stori */,
				C0TEST00032026 /* StoriTests */,
			);
		};
/* End PBXProject section */

/* Begin PBXResourcesBuildPhase section */
		C0D691942E84DD91005A90A6 /* Resources */ = {
			isa = PBXResourcesBuildPhase;
			buildActionMask = 2147483647;
			files = (
				C0VERSION2024110000002 /* VERSION in Resources */,
			);
			runOnlyForDeploymentPostprocessing = 0;
		};
		C0TEST00072026 /* Resources */ = {
			isa = PBXResourcesBuildPhase;
			buildActionMask = 2147483647;
			files = (
			);
			runOnlyForDeploymentPostprocessing = 0;
		};
/* End PBXResourcesBuildPhase section */

/* Begin PBXSourcesBuildPhase section */
		C0D691922E84DD91005A90A6 /* Sources */ = {
			isa = PBXSourcesBuildPhase;
			buildActionMask = 2147483647;
			files = (
			);
			runOnlyForDeploymentPostprocessing = 0;
		};
		C0TEST00052026 /* Sources */ = {
			isa = PBXSourcesBuildPhase;
			buildActionMask = 2147483647;
			files = (
			);
			runOnlyForDeploymentPostprocessing = 0;
		};
/* End PBXSourcesBuildPhase section */

/* Begin PBXTargetDependency section */
		C0TEST00082026 /* PBXTargetDependency */ = {
			isa = PBXTargetDependency;
			target = C0D691952E84DD91005A90A6 /* Stori */;
			targetProxy = C0TEST00092026 /* PBXContainerItemProxy */;
		};
/* End PBXTargetDependency section */

/* Begin XCBuildConfiguration section */
		C00CFD362E6611E100FE5CE5 /* Debug */ = {
			isa = XCBuildConfiguration;
			buildSettings = {
				ALWAYS_SEARCH_USER_PATHS = NO;
				ASSETCATALOG_COMPILER_GENERATE_SWIFT_ASSET_SYMBOL_EXTENSIONS = YES;
				CLANG_ANALYZER_NONNULL = YES;
				CLANG_ANALYZER_NUMBER_OBJECT_CONVERSION = YES_AGGRESSIVE;
				CLANG_CXX_LANGUAGE_STANDARD = "gnu++20";
				CLANG_ENABLE_MODULES = YES;
				CLANG_ENABLE_OBJC_ARC = YES;
				CLANG_ENABLE_OBJC_WEAK = YES;
				CLANG_WARN_BLOCK_CAPTURE_AUTORELEASING = YES;
				CLANG_WARN_BOOL_CONVERSION = YES;
				CLANG_WARN_COMMA = YES;
				CLANG_WARN_CONSTANT_CONVERSION = YES;
				CLANG_WARN_DEPRECATED_OBJC_IMPLEMENTATIONS = YES;
				CLANG_WARN_DIRECT_OBJC_ISA_USAGE = YES_ERROR;
				CLANG_WARN_DOCUMENTATION_COMMENTS = YES;
				CLANG_WARN_EMPTY_BODY = YES;
				CLANG_WARN_ENUM_CONVERSION = YES;
				CLANG_WARN_INFINITE_RECURSION = YES;
				CLANG_WARN_INT_CONVERSION = YES;
				CLANG_WARN_NON_LITERAL_NULL_CONVERSION = YES;
				CLANG_WARN_OBJC_IMPLICIT_RETAIN_SELF = YES;
				CLANG_WARN_OBJC_LITERAL_CONVERSION = YES;
				CLANG_WARN_OBJC_ROOT_CLASS = YES_ERROR;
				CLANG_WARN_QUOTED_INCLUDE_IN_FRAMEWORK_HEADER = YES;
				CLANG_WARN_RANGE_LOOP_ANALYSIS = YES;
				CLANG_WARN_STRICT_PROTOTYPES = YES;
				CLANG_WARN_SUSPICIOUS_MOVE = YES;
				CLANG_WARN_UNGUARDED_AVAILABILITY = YES_AGGRESSIVE;
				CLANG_WARN_UNREACHABLE_CODE = YES;
				CLANG_WARN__DUPLICATE_METHOD_MATCH = YES;
				COPY_PHASE_STRIP = NO;
				DEBUG_INFORMATION_FORMAT = dwarf;
				DEVELOPMENT_TEAM = G5T4NYSE6Z;
				ENABLE_STRICT_OBJC_MSGSEND = YES;
				ENABLE_TESTABILITY = YES;
				ENABLE_USER_SCRIPT_SANDBOXING = YES;
				GCC_C_LANGUAGE_STANDARD = gnu17;
				GCC_DYNAMIC_NO_PIC = NO;
				GCC_NO_COMMON_BLOCKS = YES;
				GCC_OPTIMIZATION_LEVEL = 0;
				GCC_PREPROCESSOR_DEFINITIONS = (
					"DEBUG=1",
					"$(inherited)",
				);
				GCC_WARN_64_TO_32_BIT_CONVERSION = YES;
				GCC_WARN_ABOUT_RETURN_TYPE = YES_ERROR;
				GCC_WARN_UNDECLARED_SELECTOR = YES;
				GCC_WARN_UNINITIALIZED_AUTOS = YES_AGGRESSIVE;
				GCC_WARN_UNUSED_FUNCTION = YES;
				GCC_WARN_UNUSED_VARIABLE = YES;
				LOCALIZATION_PREFERS_STRING_CATALOGS = YES;
				MTL_ENABLE_DEBUG_INFO = INCLUDE_SOURCE;
				MTL_FAST_MATH = YES;
				ONLY_ACTIVE_ARCH = YES;
				SWIFT_ACTIVE_COMPILATION_CONDITIONS = "DEBUG $(inherited)";
				SWIFT_OPTIMIZATION_LEVEL = "-Onone";
			};
			name = Debug;
		};
		C00CFD372E6611E100FE5CE5 /* Release */ = {
			isa = XCBuildConfiguration;
			buildSettings = {
				ALWAYS_SEARCH_USER_PATHS = NO;
				ASSETCATALOG_COMPILER_GENERATE_SWIFT_ASSET_SYMBOL_EXTENSIONS = YES;
				CLANG_ANALYZER_NONNULL = YES;
				CLANG_ANALYZER_NUMBER_OBJECT_CONVERSION = YES_AGGRESSIVE;
				CLANG_CXX_LANGUAGE_STANDARD = "gnu++20";
				CLANG_ENABLE_MODULES = YES;
				CLANG_ENABLE_OBJC_ARC = YES;
				CLANG_ENABLE_OBJC_WEAK = YES;
				CLANG_WARN_BLOCK_CAPTURE_AUTORELEASING = YES;
				CLANG_WARN_BOOL_CONVERSION = YES;
				CLANG_WARN_COMMA = YES;
				CLANG_WARN_CONSTANT_CONVERSION = YES;
				CLANG_WARN_DEPRECATED_OBJC_IMPLEMENTATIONS = YES;
				CLANG_WARN_DIRECT_OBJC_ISA_USAGE = YES_ERROR;
				CLANG_WARN_DOCUMENTATION_COMMENTS = YES;
				CLANG_WARN_EMPTY_BODY = YES;
				CLANG_WARN_ENUM_CONVERSION = YES;
				CLANG_WARN_INFINITE_RECURSION = YES;
				CLANG_WARN_INT_CONVERSION = YES;
				CLANG_WARN_NON_LITERAL_NULL_CONVERSION = YES;
				CLANG_WARN_OBJC_IMPLICIT_RETAIN_SELF = YES;
				CLANG_WARN_OBJC_LITERAL_CONVERSION = YES;
				CLANG_WARN_OBJC_ROOT_CLASS = YES_ERROR;
				CLANG_WARN_QUOTED_INCLUDE_IN_FRAMEWORK_HEADER = YES;
				CLANG_WARN_RANGE_LOOP_ANALYSIS = YES;
				CLANG_WARN_STRICT_PROTOTYPES = YES;
				CLANG_WARN_SUSPICIOUS_MOVE = YES;
				CLANG_WARN_UNGUARDED_AVAILABILITY = YES_AGGRESSIVE;
				CLANG_WARN_UNREACHABLE_CODE = YES;
				CLANG_WARN__DUPLICATE_METHOD_MATCH = YES;
				COPY_PHASE_STRIP = NO;
				DEBUG_INFORMATION_FORMAT = "dwarf-with-dsym";
				DEVELOPMENT_TEAM = G5T4NYSE6Z;
				ENABLE_NS_ASSERTIONS = NO;
				ENABLE_STRICT_OBJC_MSGSEND = YES;
				ENABLE_USER_SCRIPT_SANDBOXING = YES;
				GCC_C_LANGUAGE_STANDARD = gnu17;
				GCC_NO_COMMON_BLOCKS = YES;
				GCC_WARN_64_TO_32_BIT_CONVERSION = YES;
				GCC_WARN_ABOUT_RETURN_TYPE = YES_ERROR;
				GCC_WARN_UNDECLARED_SELECTOR = YES;
				GCC_WARN_UNINITIALIZED_AUTOS = YES_AGGRESSIVE;
				GCC_WARN_UNUSED_FUNCTION = YES;
				GCC_WARN_UNUSED_VARIABLE = YES;
				LOCALIZATION_PREFERS_STRING_CATALOGS = YES;
				MTL_ENABLE_DEBUG_INFO = NO;
				MTL_FAST_MATH = YES;
				SWIFT_COMPILATION_MODE = wholemodule;
			};
			name = Release;
		};
		C0D6919F2E84DD92005A90A6 /* Debug */ = {
			isa = XCBuildConfiguration;
			buildSettings = {
				ASSETCATALOG_COMPILER_APPICON_NAME = AppIcon;
				ASSETCATALOG_COMPILER_GLOBAL_ACCENT_COLOR_NAME = AccentColor;
				CODE_SIGN_ENTITLEMENTS = Stori/Stori.entitlements;
				CODE_SIGN_STYLE = Automatic;
				COMBINE_HIDPI_IMAGES = YES;
				CURRENT_PROJECT_VERSION = 1;
				DEVELOPMENT_TEAM = KS7G78R93R;
				ENABLE_APP_SANDBOX = NO;
				ENABLE_HARDENED_RUNTIME = YES;
				ENABLE_INCOMING_NETWORK_CONNECTIONS = NO;
				ENABLE_OUTGOING_NETWORK_CONNECTIONS = NO;
				ENABLE_PREVIEWS = YES;
				ENABLE_RESOURCE_ACCESS_AUDIO_INPUT = YES;
				ENABLE_RESOURCE_ACCESS_BLUETOOTH = NO;
				ENABLE_RESOURCE_ACCESS_CALENDARS = NO;
				ENABLE_RESOURCE_ACCESS_CAMERA = NO;
				ENABLE_RESOURCE_ACCESS_CONTACTS = NO;
				ENABLE_RESOURCE_ACCESS_LOCATION = NO;
				ENABLE_RESOURCE_ACCESS_PRINTING = NO;
				ENABLE_RESOURCE_ACCESS_USB = NO;
				ENABLE_USER_SELECTED_FILES = readonly;
				GENERATE_INFOPLIST_FILE = NO;
				INFOPLIST_FILE = Stori/Info.plist;
				INFOPLIST_KEY_NSHumanReadableCopyright = "";
				LD_RUNPATH_SEARCH_PATHS = (
					"$(inherited)",
					"@executable_path/../Frameworks",
				);
				MACOSX_DEPLOYMENT_TARGET = 15.6;
				MARKETING_VERSION = 1.0;
				PRODUCT_BUNDLE_IDENTIFIER = com.tellurstori.stori;
				PRODUCT_NAME = Stori;
				REGISTER_APP_GROUPS = YES;
				SDKROOT = macosx;
				STRING_CATALOG_GENERATE_SYMBOLS = YES;
				SWIFT_APPROACHABLE_CONCURRENCY = YES;
				SWIFT_DEFAULT_ACTOR_ISOLATION = MainActor;
				SWIFT_EMIT_LOC_STRINGS = YES;
				SWIFT_UPCOMING_FEATURE_MEMBER_IMPORT_VISIBILITY = YES;
				SWIFT_VERSION = 5.0;
			};
			name = Debug;
		};
		C0D691A02E84DD92005A90A6 /* Release */ = {
			isa = XCBuildConfiguration;
			buildSettings = {
				ASSETCATALOG_COMPILER_APPICON_NAME = AppIcon;
				ASSETCATALOG_COMPILER_GLOBAL_ACCENT_COLOR_NAME = AccentColor;
				CODE_SIGN_ENTITLEMENTS = Stori/Stori.entitlements;
				CODE_SIGN_STYLE = Automatic;
				COMBINE_HIDPI_IMAGES = YES;
				CURRENT_PROJECT_VERSION = 1;
				DEVELOPMENT_TEAM = KS7G78R93R;
				ENABLE_APP_SANDBOX = NO;
				ENABLE_HARDENED_RUNTIME = YES;
				ENABLE_INCOMING_NETWORK_CONNECTIONS = NO;
				ENABLE_OUTGOING_NETWORK_CONNECTIONS = NO;
				ENABLE_PREVIEWS = YES;
				ENABLE_RESOURCE_ACCESS_AUDIO_INPUT = YES;
				ENABLE_RESOURCE_ACCESS_BLUETOOTH = NO;
				ENABLE_RESOURCE_ACCESS_CALENDARS = NO;
				ENABLE_RESOURCE_ACCESS_CAMERA = NO;
				ENABLE_RESOURCE_ACCESS_CONTACTS = NO;
				ENABLE_RESOURCE_ACCESS_LOCATION = NO;
				ENABLE_RESOURCE_ACCESS_PRINTING = NO;
				ENABLE_RESOURCE_ACCESS_USB = NO;
				ENABLE_USER_SELECTED_FILES = readonly;
				GENERATE_INFOPLIST_FILE = NO;
				INFOPLIST_FILE = Stori/Info.plist;
				INFOPLIST_KEY_NSHumanReadableCopyright = "";
				LD_RUNPATH_SEARCH_PATHS = (
					"$(inherited)",
					"@executable_path/../Frameworks",
				);
				MACOSX_DEPLOYMENT_TARGET = 15.6;
				MARKETING_VERSION = 1.0;
				PRODUCT_BUNDLE_IDENTIFIER = com.tellurstori.stori;
				PRODUCT_NAME = Stori;
				REGISTER_APP_GROUPS = YES;
				SDKROOT = macosx;
				STRING_CATALOG_GENERATE_SYMBOLS = YES;
				SWIFT_APPROACHABLE_CONCURRENCY = YES;
				SWIFT_DEFAULT_ACTOR_ISOLATION = MainActor;
				SWIFT_EMIT_LOC_STRINGS = YES;
				SWIFT_UPCOMING_FEATURE_MEMBER_IMPORT_VISIBILITY = YES;
				SWIFT_VERSION = 5.0;
			};
			name = Release;
		};
		C0TEST000A2026 /* Debug */ = {
			isa = XCBuildConfiguration;
			buildSettings = {
				BUNDLE_LOADER = "$(TEST_HOST)";
				CODE_SIGN_STYLE = Automatic;
				CURRENT_PROJECT_VERSION = 1;
				DEVELOPMENT_TEAM = KS7G78R93R;
				GENERATE_INFOPLIST_FILE = YES;
				MACOSX_DEPLOYMENT_TARGET = 15.6;
				MARKETING_VERSION = 1.0;
				PRODUCT_BUNDLE_IDENTIFIER = com.tellurstori.StoriTests;
				PRODUCT_NAME = "$(TARGET_NAME)";
				SDKROOT = macosx;
				SWIFT_EMIT_LOC_STRINGS = NO;
				SWIFT_VERSION = 5.0;
				TEST_HOST = "$(BUILT_PRODUCTS_DIR)/Stori.app/$(BUNDLE_EXECUTABLE_FOLDER_PATH)/Stori";
			};
			name = Debug;
		};
		C0TEST000B2026 /* Release */ = {
			isa = XCBuildConfiguration;
			buildSettings = {
				BUNDLE_LOADER = "$(TEST_HOST)";
				CODE_SIGN_STYLE = Automatic;
				CURRENT_PROJECT_VERSION = 1;
				DEVELOPMENT_TEAM = KS7G78R93R;
				GENERATE_INFOPLIST_FILE = YES;
				MACOSX_DEPLOYMENT_TARGET = 15.6;
				MARKETING_VERSION = 1.0;
				PRODUCT_BUNDLE_IDENTIFIER = com.tellurstori.StoriTests;
				PRODUCT_NAME = "$(TARGET_NAME)";
				SDKROOT = macosx;
				SWIFT_EMIT_LOC_STRINGS = NO;
				SWIFT_VERSION = 5.0;
				TEST_HOST = "$(BUILT_PRODUCTS_DIR)/Stori.app/$(BUNDLE_EXECUTABLE_FOLDER_PATH)/Stori";
			};
			name = Release;
		};
/* End XCBuildConfiguration section */

/* Begin XCConfigurationList section */
		C00CFD272E6611E100FE5CE5 /* Build configuration list for PBXProject "Stori" */ = {
			isa = XCConfigurationList;
			buildConfigurations = (
				C00CFD362E6611E100FE5CE5 /* Debug */,
				C00CFD372E6611E100FE5CE5 /* Release */,
			);
			defaultConfigurationIsVisible = 0;
			defaultConfigurationName = Release;
		};
		C0D6919E2E84DD92005A90A6 /* Build configuration list for PBXNativeTarget "Stori" */ = {
			isa = XCConfigurationList;
			buildConfigurations = (
				C0D6919F2E84DD92005A90A6 /* Debug */,
				C0D691A02E84DD92005A90A6 /* Release */,
			);
			defaultConfigurationIsVisible = 0;
			defaultConfigurationName = Release;
		};
		C0TEST00042026 /* Build configuration list for PBXNativeTarget "StoriTests" */ = {
			isa = XCConfigurationList;
			buildConfigurations = (
				C0TEST000A2026 /* Debug */,
				C0TEST000B2026 /* Release */,
			);
			defaultConfigurationIsVisible = 0;
			defaultConfigurationName = Release;
		};
/* End XCConfigurationList section */
	};
	rootObject = C00CFD242E6611E100FE5CE5 /* Project object */;
}
